
Microsoft Visual Studio Solution File, Format Version 12.00
# Visual Studio Version 17
VisualStudioVersion = 17.4.33205.214
MinimumVisualStudioVersion = 10.0.40219.1
Project("{FAE04EC0-301F-11D3-BF4B-00C04F79EFBC}") = "ConnectionTunnel", "ConnectionTunnel\ConnectionTunnel.csproj", "{31A9F6CC-EA09-4622-BBBD-0E9D67C857FF}"
EndProject
Global
	GlobalSection(SolutionConfigurationPlatforms) = preSolution
		Debug|Any CPU = Debug|Any CPU
		Release|Any CPU = Release|Any CPU
	EndGlobalSection
	GlobalSection(ProjectConfigurationPlatforms) = postSolution
		{31A9F6CC-EA09-4622-BBBD-0E9D67C857FF}.Debug|Any CPU.ActiveCfg = Debug|Any CPU
		{31A9F6CC-EA09-4622-BBBD-0E9D67C857FF}.Debug|Any CPU.Build.0 = Debug|Any CPU
		{31A9F6CC-EA09-4622-BBBD-0E9D67C857FF}.Release|Any CPU.ActiveCfg = Release|Any CPU
		{31A9F6CC-EA09-4622-BBBD-0E9D67C857FF}.Release|Any CPU.Build.0 = Release|Any CPU
	EndGlobalSection
	GlobalSection(SolutionProperties) = preSolution
		HideSolutionNode = FALSE
	EndGlobalSection
	GlobalSection(ExtensibilityGlobals) = postSolution
		SolutionGuid = {F17DB8C5-CD1C-456B-B75B-59AB3E813CEC}
	EndGlobalSection
EndGlobal
